
Microsoft Visual Studio Solution File, Format Version 12.00
# Visual Studio Version 17
VisualStudioVersion = 17.8.34316.72
MinimumVisualStudioVersion = 10.0.40219.1
Project("{9A19103F-16F7-4668-BE54-9A1E7A4F7556}") = "PKEngineEditor", "PKEngineEditor\PKEngineEditor.csproj", "{3A6B7229-7E31-4BDA-A026-4EF33D5306F7}"
EndProject
Project("{8BC9CEB8-8B4A-11D0-8D11-00A0C91BC942}") = "Engine", "Engine\Engine.vcxproj", "{33CDCB24-D3B0-405B-8667-A3FE6A232AC8}"
EndProject
Global
	GlobalSection(SolutionConfigurationPlatforms) = preSolution
		Debug|x64 = Debug|x64
		Release|x64 = Release|x64
	EndGlobalSection
	GlobalSection(ProjectConfigurationPlatforms) = postSolution
		{33CDCB24-D3B0-405B-8667-A3FE6A232AC8}.Debug|x64.ActiveCfg = Debug|x64
		{33CDCB24-D3B0-405B-8667-A3FE6A232AC8}.Debug|x64.Build.0 = Debug|x64
		{33CDCB24-D3B0-405B-8667-A3FE6A232AC8}.Release|x64.ActiveCfg = Release|x64
		{33CDCB24-D3B0-405B-8667-A3FE6A232AC8}.Release|x64.Build.0 = Release|x64
		{3A6B7229-7E31-4BDA-A026-4EF33D5306F7}.Debug|x64.ActiveCfg = Debug|Any CPU
		{3A6B7229-7E31-4BDA-A026-4EF33D5306F7}.Debug|x64.Build.0 = Debug|Any CPU
		{3A6B7229-7E31-4BDA-A026-4EF33D5306F7}.Release|x64.ActiveCfg = Release|Any CPU
		{3A6B7229-7E31-4BDA-A026-4EF33D5306F7}.Release|x64.Build.0 = Release|Any CPU
	EndGlobalSection
	GlobalSection(SolutionProperties) = preSolution
		HideSolutionNode = FALSE
	EndGlobalSection
	GlobalSection(ExtensibilityGlobals) = postSolution
		SolutionGuid = {033F9100-EB03-4891-BFFF-6956E6D40E0F}
	EndGlobalSection
EndGlobal
